
Microsoft Visual Studio Solution File, Format Version 12.00
# Visual Studio Version 17
VisualStudioVersion = 17.0.31912.275
MinimumVisualStudioVersion = 10.0.40219.1
Project("{FAE04EC0-301F-11D3-BF4B-00C04F79EFBC}") = "snakeandladder1", "snakeandladder1.csproj", "{C982FF34-8A79-4959-923B-55FF25822A79}"
EndProject
Global
	GlobalSection(SolutionConfigurationPlatforms) = preSolution
		Debug|Any CPU = Debug|Any CPU
		Release|Any CPU = Release|Any CPU
	EndGlobalSection
	GlobalSection(ProjectConfigurationPlatforms) = postSolution
		{C982FF34-8A79-4959-923B-55FF25822A79}.Debug|Any CPU.ActiveCfg = Debug|Any CPU
		{C982FF34-8A79-4959-923B-55FF25822A79}.Debug|Any CPU.Build.0 = Debug|Any CPU
		{C982FF34-8A79-4959-923B-55FF25822A79}.Release|Any CPU.ActiveCfg = Release|Any CPU
		{C982FF34-8A79-4959-923B-55FF25822A79}.Release|Any CPU.Build.0 = Release|Any CPU
	EndGlobalSection
	GlobalSection(SolutionProperties) = preSolution
		HideSolutionNode = FALSE
	EndGlobalSection
	GlobalSection(ExtensibilityGlobals) = postSolution
		SolutionGuid = {BC37A236-D155-405F-AAF2-9415571AEE53}
	EndGlobalSection
EndGlobal
